
Microsoft Visual Studio Solution File, Format Version 12.00
# Visual Studio 15
VisualStudioVersion = 15.0.28307.1525
MinimumVisualStudioVersion = 10.0.40219.1
Project("{159641D6-6404-4A2A-AE62-294DE0FE8301}") = "Proyecto_Semi2", "Proyecto_Semi2\Proyecto_Semi2.dtproj", "{8860FD08-05E6-461C-AC25-FB9634B96774}"
EndProject
Global
	GlobalSection(SolutionConfigurationPlatforms) = preSolution
		Development|Default = Development|Default
	EndGlobalSection
	GlobalSection(ProjectConfigurationPlatforms) = postSolution
		{8860FD08-05E6-461C-AC25-FB9634B96774}.Development|Default.ActiveCfg = Development
		{8860FD08-05E6-461C-AC25-FB9634B96774}.Development|Default.Build.0 = Development
	EndGlobalSection
	GlobalSection(SolutionProperties) = preSolution
		HideSolutionNode = FALSE
	EndGlobalSection
	GlobalSection(ExtensibilityGlobals) = postSolution
		SolutionGuid = {10CFE62C-5826-4E6E-977A-E4037A49B6CF}
	EndGlobalSection
EndGlobal
